// !$*UTF8*$!
{
	archiveVersion = 1;
	classes = {
	};
	objectVersion = 46;
	objects = {

/* Begin PBXBuildFile section */
		7F491E751E810A3B00636F8C /* TBKeyChainTool.m in Sources */ = {isa = PBXBuildFile; fileRef = 7F491E741E810A3B00636F8C /* TBKeyChainTool.m */; };
		7F84A8721E4EEBC4001E8468 /* main.m in Sources */ = {isa = PBXBuildFile; fileRef = 7F84A8711E4EEBC4001E8468 /* main.m */; };
		7F84A8751E4EEBC4001E8468 /* AppDelegate.m in Sources */ = {isa = PBXBuildFile; fileRef = 7F84A8741E4EEBC4001E8468 /* AppDelegate.m */; };
		7F84A8781E4EEBC4001E8468 /* ViewController.m in Sources */ = {isa = PBXBuildFile; fileRef = 7F84A8771E4EEBC4001E8468 /* ViewController.m */; };
		7F84A87B1E4EEBC4001E8468 /* Main.storyboard in Resources */ = {isa = PBXBuildFile; fileRef = 7F84A8791E4EEBC4001E8468 /* Main.storyboard */; };
		7F84A87D1E4EEBC4001E8468 /* Assets.xcassets in Resources */ = {isa = PBXBuildFile; fileRef = 7F84A87C1E4EEBC4001E8468 /* Assets.xcassets */; };
		7F84A8801E4EEBC4001E8468 /* LaunchScreen.storyboard in Resources */ = {isa = PBXBuildFile; fileRef = 7F84A87E1E4EEBC4001E8468 /* LaunchScreen.storyboard */; };
		7F84A88B1E4EEBC4001E8468 /* TBCategoryTests.m in Sources */ = {isa = PBXBuildFile; fileRef = 7F84A88A1E4EEBC4001E8468 /* TBCategoryTests.m */; };
		7F84A8961E4EEBC5001E8468 /* TBCategoryUITests.m in Sources */ = {isa = PBXBuildFile; fileRef = 7F84A8951E4EEBC5001E8468 /* TBCategoryUITests.m */; };
		7F84A8B61E4EEC56001E8468 /* NSCalendar+TBExtension.m in Sources */ = {isa = PBXBuildFile; fileRef = 7F84A8A51E4EEC56001E8468 /* NSCalendar+TBExtension.m */; };
		7F84A8B71E4EEC56001E8468 /* NSDate+TBExtension.m in Sources */ = {isa = PBXBuildFile; fileRef = 7F84A8A71E4EEC56001E8468 /* NSDate+TBExtension.m */; };
		7F84A8B81E4EEC56001E8468 /* NSString+TBSizeForFile.m in Sources */ = {isa = PBXBuildFile; fileRef = 7F84A8A91E4EEC56001E8468 /* NSString+TBSizeForFile.m */; };
		7F84A8B91E4EEC56001E8468 /* UIBarButtonItem+TBExtension.m in Sources */ = {isa = PBXBuildFile; fileRef = 7F84A8AB1E4EEC56001E8468 /* UIBarButtonItem+TBExtension.m */; };
		7F84A8BA1E4EEC56001E8468 /* UIButton+TBExtension.m in Sources */ = {isa = PBXBuildFile; fileRef = 7F84A8AD1E4EEC56001E8468 /* UIButton+TBExtension.m */; };
		7F84A8BB1E4EEC56001E8468 /* UIImage+TBExtension.m in Sources */ = {isa = PBXBuildFile; fileRef = 7F84A8AF1E4EEC56001E8468 /* UIImage+TBExtension.m */; };
		7F84A8BC1E4EEC56001E8468 /* UIImageView+TBSetHead.m in Sources */ = {isa = PBXBuildFile; fileRef = 7F84A8B11E4EEC56001E8468 /* UIImageView+TBSetHead.m */; };
		7F84A8BD1E4EEC56001E8468 /* UITextField+TBPlaceHolderColor.m in Sources */ = {isa = PBXBuildFile; fileRef = 7F84A8B31E4EEC56001E8468 /* UITextField+TBPlaceHolderColor.m */; };
		7F84A8BE1E4EEC56001E8468 /* UIView+TBFrame.m in Sources */ = {isa = PBXBuildFile; fileRef = 7F84A8B51E4EEC56001E8468 /* UIView+TBFrame.m */; };
/* End PBXBuildFile section */

/* Begin PBXContainerItemProxy section */
		7F84A8871E4EEBC4001E8468 /* PBXContainerItemProxy */ = {
			isa = PBXContainerItemProxy;
			containerPortal = 7F84A8651E4EEBC4001E8468 /* Project object */;
			proxyType = 1;
			remoteGlobalIDString = 7F84A86C1E4EEBC4001E8468;
			remoteInfo = TBCategory;
		};
		7F84A8921E4EEBC5001E8468 /* PBXContainerItemProxy */ = {
			isa = PBXContainerItemProxy;
			containerPortal = 7F84A8651E4EEBC4001E8468 /* Project object */;
			proxyType = 1;
			remoteGlobalIDString = 7F84A86C1E4EEBC4001E8468;
			remoteInfo = TBCategory;
		};
/* End PBXContainerItemProxy section */

/* Begin PBXFileReference section */
		7F491E731E810A3B00636F8C /* TBKeyChainTool.h */ = {isa = PBXFileReference; fileEncoding = 4; lastKnownFileType = sourcecode.c.h; path = TBKeyChainTool.h; sourceTree = "<group>"; };
		7F491E741E810A3B00636F8C /* TBKeyChainTool.m */ = {isa = PBXFileReference; fileEncoding = 4; lastKnownFileType = sourcecode.c.objc; path = TBKeyChainTool.m; sourceTree = "<group>"; };
		7F84A86D1E4EEBC4001E8468 /* TBCategory.app */ = {isa = PBXFileReference; explicitFileType = wrapper.application; includeInIndex = 0; path = TBCategory.app; sourceTree = BUILT_PRODUCTS_DIR; };
		7F84A8711E4EEBC4001E8468 /* main.m */ = {isa = PBXFileReference; lastKnownFileType = sourcecode.c.objc; path = main.m; sourceTree = "<group>"; };
		7F84A8731E4EEBC4001E8468 /* AppDelegate.h */ = {isa = PBXFileReference; lastKnownFileType = sourcecode.c.h; path = AppDelegate.h; sourceTree = "<group>"; };
		7F84A8741E4EEBC4001E8468 /* AppDelegate.m */ = {isa = PBXFileReference; lastKnownFileType = sourcecode.c.objc; path = AppDelegate.m; sourceTree = "<group>"; };
		7F84A8761E4EEBC4001E8468 /* ViewController.h */ = {isa = PBXFileReference; lastKnownFileType = sourcecode.c.h; path = ViewController.h; sourceTree = "<group>"; };
		7F84A8771E4EEBC4001E8468 /* ViewController.m */ = {isa = PBXFileReference; lastKnownFileType = sourcecode.c.objc; path = ViewController.m; sourceTree = "<group>"; };
		7F84A87A1E4EEBC4001E8468 /* Base */ = {isa = PBXFileReference; lastKnownFileType = file.storyboard; name = Base; path = Base.lproj/Main.storyboard; sourceTree = "<group>"; };
		7F84A87C1E4EEBC4001E8468 /* Assets.xcassets */ = {isa = PBXFileReference; lastKnownFileType = folder.assetcatalog; path = Assets.xcassets; sourceTree = "<group>"; };
		7F84A87F1E4EEBC4001E8468 /* Base */ = {isa = PBXFileReference; lastKnownFileType = file.storyboard; name = Base; path = Base.lproj/LaunchScreen.storyboard; sourceTree = "<group>"; };
		7F84A8811E4EEBC4001E8468 /* Info.plist */ = {isa = PBXFileReference; lastKnownFileType = text.plist.xml; path = Info.plist; sourceTree = "<group>"; };
		7F84A8861E4EEBC4001E8468 /* TBCategoryTests.xctest */ = {isa = PBXFileReference; explicitFileType = wrapper.cfbundle; includeInIndex = 0; path = TBCategoryTests.xctest; sourceTree = BUILT_PRODUCTS_DIR; };
		7F84A88A1E4EEBC4001E8468 /* TBCategoryTests.m */ = {isa = PBXFileReference; lastKnownFileType = sourcecode.c.objc; path = TBCategoryTests.m; sourceTree = "<group>"; };
		7F84A88C1E4EEBC4001E8468 /* Info.plist */ = {isa = PBXFileReference; lastKnownFileType = text.plist.xml; path = Info.plist; sourceTree = "<group>"; };
		7F84A8911E4EEBC5001E8468 /* TBCategoryUITests.xctest */ = {isa = PBXFileReference; explicitFileType = wrapper.cfbundle; includeInIndex = 0; path = TBCategoryUITests.xctest; sourceTree = BUILT_PRODUCTS_DIR; };
		7F84A8951E4EEBC5001E8468 /* TBCategoryUITests.m */ = {isa = PBXFileReference; lastKnownFileType = sourcecode.c.objc; path = TBCategoryUITests.m; sourceTree = "<group>"; };
		7F84A8971E4EEBC5001E8468 /* Info.plist */ = {isa = PBXFileReference; lastKnownFileType = text.plist.xml; path = Info.plist; sourceTree = "<group>"; };
		7F84A8A41E4EEC56001E8468 /* NSCalendar+TBExtension.h */ = {isa = PBXFileReference; fileEncoding = 4; lastKnownFileType = sourcecode.c.h; path = "NSCalendar+TBExtension.h"; sourceTree = "<group>"; };
		7F84A8A51E4EEC56001E8468 /* NSCalendar+TBExtension.m */ = {isa = PBXFileReference; fileEncoding = 4; lastKnownFileType = sourcecode.c.objc; path = "NSCalendar+TBExtension.m"; sourceTree = "<group>"; };
		7F84A8A61E4EEC56001E8468 /* NSDate+TBExtension.h */ = {isa = PBXFileReference; fileEncoding = 4; lastKnownFileType = sourcecode.c.h; path = "NSDate+TBExtension.h"; sourceTree = "<group>"; };
		7F84A8A71E4EEC56001E8468 /* NSDate+TBExtension.m */ = {isa = PBXFileReference; fileEncoding = 4; lastKnownFileType = sourcecode.c.objc; path = "NSDate+TBExtension.m"; sourceTree = "<group>"; };
		7F84A8A81E4EEC56001E8468 /* NSString+TBSizeForFile.h */ = {isa = PBXFileReference; fileEncoding = 4; lastKnownFileType = sourcecode.c.h; path = "NSString+TBSizeForFile.h"; sourceTree = "<group>"; };
		7F84A8A91E4EEC56001E8468 /* NSString+TBSizeForFile.m */ = {isa = PBXFileReference; fileEncoding = 4; lastKnownFileType = sourcecode.c.objc; path = "NSString+TBSizeForFile.m"; sourceTree = "<group>"; };
		7F84A8AA1E4EEC56001E8468 /* UIBarButtonItem+TBExtension.h */ = {isa = PBXFileReference; fileEncoding = 4; lastKnownFileType = sourcecode.c.h; path = "UIBarButtonItem+TBExtension.h"; sourceTree = "<group>"; };
		7F84A8AB1E4EEC56001E8468 /* UIBarButtonItem+TBExtension.m */ = {isa = PBXFileReference; fileEncoding = 4; lastKnownFileType = sourcecode.c.objc; path = "UIBarButtonItem+TBExtension.m"; sourceTree = "<group>"; };
		7F84A8AC1E4EEC56001E8468 /* UIButton+TBExtension.h */ = {isa = PBXFileReference; fileEncoding = 4; lastKnownFileType = sourcecode.c.h; path = "UIButton+TBExtension.h"; sourceTree = "<group>"; };
		7F84A8AD1E4EEC56001E8468 /* UIButton+TBExtension.m */ = {isa = PBXFileReference; fileEncoding = 4; lastKnownFileType = sourcecode.c.objc; path = "UIButton+TBExtension.m"; sourceTree = "<group>"; };
		7F84A8AE1E4EEC56001E8468 /* UIImage+TBExtension.h */ = {isa = PBXFileReference; fileEncoding = 4; lastKnownFileType = sourcecode.c.h; path = "UIImage+TBExtension.h"; sourceTree = "<group>"; };
		7F84A8AF1E4EEC56001E8468 /* UIImage+TBExtension.m */ = {isa = PBXFileReference; fileEncoding = 4; lastKnownFileType = sourcecode.c.objc; path = "UIImage+TBExtension.m"; sourceTree = "<group>"; };
		7F84A8B01E4EEC56001E8468 /* UIImageView+TBSetHead.h */ = {isa = PBXFileReference; fileEncoding = 4; lastKnownFileType = sourcecode.c.h; path = "UIImageView+TBSetHead.h"; sourceTree = "<group>"; };
		7F84A8B11E4EEC56001E8468 /* UIImageView+TBSetHead.m */ = {isa = PBXFileReference; fileEncoding = 4; lastKnownFileType = sourcecode.c.objc; path = "UIImageView+TBSetHead.m"; sourceTree = "<group>"; };
		7F84A8B21E4EEC56001E8468 /* UITextField+TBPlaceHolderColor.h */ = {isa = PBXFileReference; fileEncoding = 4; lastKnownFileType = sourcecode.c.h; path = "UITextField+TBPlaceHolderColor.h"; sourceTree = "<group>"; };
		7F84A8B31E4EEC56001E8468 /* UITextField+TBPlaceHolderColor.m */ = {isa = PBXFileReference; fileEncoding = 4; lastKnownFileType = sourcecode.c.objc; path = "UITextField+TBPlaceHolderColor.m"; sourceTree = "<group>"; };
		7F84A8B41E4EEC56001E8468 /* UIView+TBFrame.h */ = {isa = PBXFileReference; fileEncoding = 4; lastKnownFileType = sourcecode.c.h; path = "UIView+TBFrame.h"; sourceTree = "<group>"; };
		7F84A8B51E4EEC56001E8468 /* UIView+TBFrame.m */ = {isa = PBXFileReference; fileEncoding = 4; lastKnownFileType = sourcecode.c.objc; path = "UIView+TBFrame.m"; sourceTree = "<group>"; };
/* End PBXFileReference section */

/* Begin PBXFrameworksBuildPhase section */
		7F84A86A1E4EEBC4001E8468 /* Frameworks */ = {
			isa = PBXFrameworksBuildPhase;
			buildActionMask = 2147483647;
			files = (
			);
			runOnlyForDeploymentPostprocessing = 0;
		};
		7F84A8831E4EEBC4001E8468 /* Frameworks */ = {
			isa = PBXFrameworksBuildPhase;
			buildActionMask = 2147483647;
			files = (
			);
			runOnlyForDeploymentPostprocessing = 0;
		};
		7F84A88E1E4EEBC5001E8468 /* Frameworks */ = {
			isa = PBXFrameworksBuildPhase;
			buildActionMask = 2147483647;
			files = (
			);
			runOnlyForDeploymentPostprocessing = 0;
		};
/* End PBXFrameworksBuildPhase section */

/* Begin PBXGroup section */
		7F491E721E81086700636F8C /* TBTools */ = {
			isa = PBXGroup;
			children = (
				7F491E731E810A3B00636F8C /* TBKeyChainTool.h */,
				7F491E741E810A3B00636F8C /* TBKeyChainTool.m */,
			);
			path = TBTools;
			sourceTree = "<group>";
		};
		7F84A8641E4EEBC4001E8468 = {
			isa = PBXGroup;
			children = (
				7F84A86F1E4EEBC4001E8468 /* TBCategory */,
				7F84A8891E4EEBC4001E8468 /* TBCategoryTests */,
				7F84A8941E4EEBC5001E8468 /* TBCategoryUITests */,
				7F84A86E1E4EEBC4001E8468 /* Products */,
			);
			sourceTree = "<group>";
		};
		7F84A86E1E4EEBC4001E8468 /* Products */ = {
			isa = PBXGroup;
			children = (
				7F84A86D1E4EEBC4001E8468 /* TBCategory.app */,
				7F84A8861E4EEBC4001E8468 /* TBCategoryTests.xctest */,
				7F84A8911E4EEBC5001E8468 /* TBCategoryUITests.xctest */,
			);
			name = Products;
			sourceTree = "<group>";
		};
		7F84A86F1E4EEBC4001E8468 /* TBCategory */ = {
			isa = PBXGroup;
			children = (
				7F491E721E81086700636F8C /* TBTools */,
				7F84A8A31E4EEC56001E8468 /* TBCategory */,
				7F84A8731E4EEBC4001E8468 /* AppDelegate.h */,
				7F84A8741E4EEBC4001E8468 /* AppDelegate.m */,
				7F84A8761E4EEBC4001E8468 /* ViewController.h */,
				7F84A8771E4EEBC4001E8468 /* ViewController.m */,
				7F84A8791E4EEBC4001E8468 /* Main.storyboard */,
				7F84A87C1E4EEBC4001E8468 /* Assets.xcassets */,
				7F84A87E1E4EEBC4001E8468 /* LaunchScreen.storyboard */,
				7F84A8811E4EEBC4001E8468 /* Info.plist */,
				7F84A8701E4EEBC4001E8468 /* Supporting Files */,
			);
			path = TBCategory;
			sourceTree = "<group>";
		};
		7F84A8701E4EEBC4001E8468 /* Supporting Files */ = {
			isa = PBXGroup;
			children = (
				7F84A8711E4EEBC4001E8468 /* main.m */,
			);
			name = "Supporting Files";
			sourceTree = "<group>";
		};
		7F84A8891E4EEBC4001E8468 /* TBCategoryTests */ = {
			isa = PBXGroup;
			children = (
				7F84A88A1E4EEBC4001E8468 /* TBCategoryTests.m */,
				7F84A88C1E4EEBC4001E8468 /* Info.plist */,
			);
			path = TBCategoryTests;
			sourceTree = "<group>";
		};
		7F84A8941E4EEBC5001E8468 /* TBCategoryUITests */ = {
			isa = PBXGroup;
			children = (
				7F84A8951E4EEBC5001E8468 /* TBCategoryUITests.m */,
				7F84A8971E4EEBC5001E8468 /* Info.plist */,
			);
			path = TBCategoryUITests;
			sourceTree = "<group>";
		};
		7F84A8A31E4EEC56001E8468 /* TBCategory */ = {
			isa = PBXGroup;
			children = (
				7F84A8A41E4EEC56001E8468 /* NSCalendar+TBExtension.h */,
				7F84A8A51E4EEC56001E8468 /* NSCalendar+TBExtension.m */,
				7F84A8A61E4EEC56001E8468 /* NSDate+TBExtension.h */,
				7F84A8A71E4EEC56001E8468 /* NSDate+TBExtension.m */,
				7F84A8A81E4EEC56001E8468 /* NSString+TBSizeForFile.h */,
				7F84A8A91E4EEC56001E8468 /* NSString+TBSizeForFile.m */,
				7F84A8AA1E4EEC56001E8468 /* UIBarButtonItem+TBExtension.h */,
				7F84A8AB1E4EEC56001E8468 /* UIBarButtonItem+TBExtension.m */,
				7F84A8AC1E4EEC56001E8468 /* UIButton+TBExtension.h */,
				7F84A8AD1E4EEC56001E8468 /* UIButton+TBExtension.m */,
				7F84A8AE1E4EEC56001E8468 /* UIImage+TBExtension.h */,
				7F84A8AF1E4EEC56001E8468 /* UIImage+TBExtension.m */,
				7F84A8B01E4EEC56001E8468 /* UIImageView+TBSetHead.h */,
				7F84A8B11E4EEC56001E8468 /* UIImageView+TBSetHead.m */,
				7F84A8B21E4EEC56001E8468 /* UITextField+TBPlaceHolderColor.h */,
				7F84A8B31E4EEC56001E8468 /* UITextField+TBPlaceHolderColor.m */,
				7F84A8B41E4EEC56001E8468 /* UIView+TBFrame.h */,
				7F84A8B51E4EEC56001E8468 /* UIView+TBFrame.m */,
			);
			path = TBCategory;
			sourceTree = "<group>";
		};
/* End PBXGroup section */

/* Begin PBXNativeTarget section */
		7F84A86C1E4EEBC4001E8468 /* TBCategory */ = {
			isa = PBXNativeTarget;
			buildConfigurationList = 7F84A89A1E4EEBC5001E8468 /* Build configuration list for PBXNativeTarget "TBCategory" */;
			buildPhases = (
				7F84A8691E4EEBC4001E8468 /* Sources */,
				7F84A86A1E4EEBC4001E8468 /* Frameworks */,
				7F84A86B1E4EEBC4001E8468 /* Resources */,
			);
			buildRules = (
			);
			dependencies = (
			);
			name = TBCategory;
			productName = TBCategory;
			productReference = 7F84A86D1E4EEBC4001E8468 /* TBCategory.app */;
			productType = "com.apple.product-type.application";
		};
		7F84A8851E4EEBC4001E8468 /* TBCategoryTests */ = {
			isa = PBXNativeTarget;
			buildConfigurationList = 7F84A89D1E4EEBC5001E8468 /* Build configuration list for PBXNativeTarget "TBCategoryTests" */;
			buildPhases = (
				7F84A8821E4EEBC4001E8468 /* Sources */,
				7F84A8831E4EEBC4001E8468 /* Frameworks */,
				7F84A8841E4EEBC4001E8468 /* Resources */,
			);
			buildRules = (
			);
			dependencies = (
				7F84A8881E4EEBC4001E8468 /* PBXTargetDependency */,
			);
			name = TBCategoryTests;
			productName = TBCategoryTests;
			productReference = 7F84A8861E4EEBC4001E8468 /* TBCategoryTests.xctest */;
			productType = "com.apple.product-type.bundle.unit-test";
		};
		7F84A8901E4EEBC5001E8468 /* TBCategoryUITests */ = {
			isa = PBXNativeTarget;
			buildConfigurationList = 7F84A8A01E4EEBC5001E8468 /* Build configuration list for PBXNativeTarget "TBCategoryUITests" */;
			buildPhases = (
				7F84A88D1E4EEBC5001E8468 /* Sources */,
				7F84A88E1E4EEBC5001E8468 /* Frameworks */,
				7F84A88F1E4EEBC5001E8468 /* Resources */,
			);
			buildRules = (
			);
			dependencies = (
				7F84A8931E4EEBC5001E8468 /* PBXTargetDependency */,
			);
			name = TBCategoryUITests;
			productName = TBCategoryUITests;
			productReference = 7F84A8911E4EEBC5001E8468 /* TBCategoryUITests.xctest */;
			productType = "com.apple.product-type.bundle.ui-testing";
		};
/* End PBXNativeTarget section */

/* Begin PBXProject section */
		7F84A8651E4EEBC4001E8468 /* Project object */ = {
			isa = PBXProject;
			attributes = {
				LastUpgradeCheck = 0820;
				ORGANIZATIONNAME = "张天兵";
				TargetAttributes = {
					7F84A86C1E4EEBC4001E8468 = {
						CreatedOnToolsVersion = 8.2.1;
						ProvisioningStyle = Automatic;
					};
					7F84A8851E4EEBC4001E8468 = {
						CreatedOnToolsVersion = 8.2.1;
						ProvisioningStyle = Automatic;
						TestTargetID = 7F84A86C1E4EEBC4001E8468;
					};
					7F84A8901E4EEBC5001E8468 = {
						CreatedOnToolsVersion = 8.2.1;
						ProvisioningStyle = Automatic;
						TestTargetID = 7F84A86C1E4EEBC4001E8468;
					};
				};
			};
			buildConfigurationList = 7F84A8681E4EEBC4001E8468 /* Build configuration list for PBXProject "TBCategory" */;
			compatibilityVersion = "Xcode 3.2";
			developmentRegion = English;
			hasScannedForEncodings = 0;
			knownRegions = (
				en,
				Base,
			);
			mainGroup = 7F84A8641E4EEBC4001E8468;
			productRefGroup = 7F84A86E1E4EEBC4001E8468 /* Products */;
			projectDirPath = "";
			projectRoot = "";
			targets = (
				7F84A86C1E4EEBC4001E8468 /* TBCategory */,
				7F84A8851E4EEBC4001E8468 /* TBCategoryTests */,
				7F84A8901E4EEBC5001E8468 /* TBCategoryUITests */,
			);
		};
/* End PBXProject section */

/* Begin PBXResourcesBuildPhase section */
		7F84A86B1E4EEBC4001E8468 /* Resources */ = {
			isa = PBXResourcesBuildPhase;
			buildActionMask = 2147483647;
			files = (
				7F84A8801E4EEBC4001E8468 /* LaunchScreen.storyboard in Resources */,
				7F84A87D1E4EEBC4001E8468 /* Assets.xcassets in Resources */,
				7F84A87B1E4EEBC4001E8468 /* Main.storyboard in Resources */,
			);
			runOnlyForDeploymentPostprocessing = 0;
		};
		7F84A8841E4EEBC4001E8468 /* Resources */ = {
			isa = PBXResourcesBuildPhase;
			buildActionMask = 2147483647;
			files = (
			);
			runOnlyForDeploymentPostprocessing = 0;
		};
		7F84A88F1E4EEBC5001E8468 /* Resources */ = {
			isa = PBXResourcesBuildPhase;
			buildActionMask = 2147483647;
			files = (
			);
			runOnlyForDeploymentPostprocessing = 0;
		};
/* End PBXResourcesBuildPhase section */

/* Begin PBXSourcesBuildPhase section */
		7F84A8691E4EEBC4001E8468 /* Sources */ = {
			isa = PBXSourcesBuildPhase;
			buildActionMask = 2147483647;
			files = (
				7F491E751E810A3B00636F8C /* TBKeyChainTool.m in Sources */,
				7F84A8BE1E4EEC56001E8468 /* UIView+TBFrame.m in Sources */,
				7F84A8B61E4EEC56001E8468 /* NSCalendar+TBExtension.m in Sources */,
				7F84A8BA1E4EEC56001E8468 /* UIButton+TBExtension.m in Sources */,
				7F84A8781E4EEBC4001E8468 /* ViewController.m in Sources */,
				7F84A8BC1E4EEC56001E8468 /* UIImageView+TBSetHead.m in Sources */,
				7F84A8B71E4EEC56001E8468 /* NSDate+TBExtension.m in Sources */,
				7F84A8751E4EEBC4001E8468 /* AppDelegate.m in Sources */,
				7F84A8B81E4EEC56001E8468 /* NSString+TBSizeForFile.m in Sources */,
				7F84A8BD1E4EEC56001E8468 /* UITextField+TBPlaceHolderColor.m in Sources */,
				7F84A8721E4EEBC4001E8468 /* main.m in Sources */,
				7F84A8BB1E4EEC56001E8468 /* UIImage+TBExtension.m in Sources */,
				7F84A8B91E4EEC56001E8468 /* UIBarButtonItem+TBExtension.m in Sources */,
			);
			runOnlyForDeploymentPostprocessing = 0;
		};
		7F84A8821E4EEBC4001E8468 /* Sources */ = {
			isa = PBXSourcesBuildPhase;
			buildActionMask = 2147483647;
			files = (
				7F84A88B1E4EEBC4001E8468 /* TBCategoryTests.m in Sources */,
			);
			runOnlyForDeploymentPostprocessing = 0;
		};
		7F84A88D1E4EEBC5001E8468 /* Sources */ = {
			isa = PBXSourcesBuildPhase;
			buildActionMask = 2147483647;
			files = (
				7F84A8961E4EEBC5001E8468 /* TBCategoryUITests.m in Sources */,
			);
			runOnlyForDeploymentPostprocessing = 0;
		};
/* End PBXSourcesBuildPhase section */

/* Begin PBXTargetDependency section */
		7F84A8881E4EEBC4001E8468 /* PBXTargetDependency */ = {
			isa = PBXTargetDependency;
			target = 7F84A86C1E4EEBC4001E8468 /* TBCategory */;
			targetProxy = 7F84A8871E4EEBC4001E8468 /* PBXContainerItemProxy */;
		};
		7F84A8931E4EEBC5001E8468 /* PBXTargetDependency */ = {
			isa = PBXTargetDependency;
			target = 7F84A86C1E4EEBC4001E8468 /* TBCategory */;
			targetProxy = 7F84A8921E4EEBC5001E8468 /* PBXContainerItemProxy */;
		};
/* End PBXTargetDependency section */

/* Begin PBXVariantGroup section */
		7F84A8791E4EEBC4001E8468 /* Main.storyboard */ = {
			isa = PBXVariantGroup;
			children = (
				7F84A87A1E4EEBC4001E8468 /* Base */,
			);
			name = Main.storyboard;
			sourceTree = "<group>";
		};
		7F84A87E1E4EEBC4001E8468 /* LaunchScreen.storyboard */ = {
			isa = PBXVariantGroup;
			children = (
				7F84A87F1E4EEBC4001E8468 /* Base */,
			);
			name = LaunchScreen.storyboard;
			sourceTree = "<group>";
		};
/* End PBXVariantGroup section */

/* Begin XCBuildConfiguration section */
		7F84A8981E4EEBC5001E8468 /* Debug */ = {
			isa = XCBuildConfiguration;
			buildSettings = {
				ALWAYS_SEARCH_USER_PATHS = NO;
				CLANG_ANALYZER_NONNULL = YES;
				CLANG_CXX_LANGUAGE_STANDARD = "gnu++0x";
				CLANG_CXX_LIBRARY = "libc++";
				CLANG_ENABLE_MODULES = YES;
				CLANG_ENABLE_OBJC_ARC = YES;
				CLANG_WARN_BOOL_CONVERSION = YES;
				CLANG_WARN_CONSTANT_CONVERSION = YES;
				CLANG_WARN_DIRECT_OBJC_ISA_USAGE = YES_ERROR;
				CLANG_WARN_DOCUMENTATION_COMMENTS = YES;
				CLANG_WARN_EMPTY_BODY = YES;
				CLANG_WARN_ENUM_CONVERSION = YES;
				CLANG_WARN_INFINITE_RECURSION = YES;
				CLANG_WARN_INT_CONVERSION = YES;
				CLANG_WARN_OBJC_ROOT_CLASS = YES_ERROR;
				CLANG_WARN_SUSPICIOUS_MOVE = YES;
				CLANG_WARN_UNREACHABLE_CODE = YES;
				CLANG_WARN__DUPLICATE_METHOD_MATCH = YES;
				"CODE_SIGN_IDENTITY[sdk=iphoneos*]" = "iPhone Developer";
				COPY_PHASE_STRIP = NO;
				DEBUG_INFORMATION_FORMAT = dwarf;
				ENABLE_STRICT_OBJC_MSGSEND = YES;
				ENABLE_TESTABILITY = YES;
				GCC_C_LANGUAGE_STANDARD = gnu99;
				GCC_DYNAMIC_NO_PIC = NO;
				GCC_NO_COMMON_BLOCKS = YES;
				GCC_OPTIMIZATION_LEVEL = 0;
				GCC_PREPROCESSOR_DEFINITIONS = (
					"DEBUG=1",
					"$(inherited)",
				);
				GCC_WARN_64_TO_32_BIT_CONVERSION = YES;
				GCC_WARN_ABOUT_RETURN_TYPE = YES_ERROR;
				GCC_WARN_UNDECLARED_SELECTOR = YES;
				GCC_WARN_UNINITIALIZED_AUTOS = YES_AGGRESSIVE;
				GCC_WARN_UNUSED_FUNCTION = YES;
				GCC_WARN_UNUSED_VARIABLE = YES;
				IPHONEOS_DEPLOYMENT_TARGET = 10.2;
				MTL_ENABLE_DEBUG_INFO = YES;
				ONLY_ACTIVE_ARCH = YES;
				SDKROOT = iphoneos;
				TARGETED_DEVICE_FAMILY = "1,2";
			};
			name = Debug;
		};
		7F84A8991E4EEBC5001E8468 /* Release */ = {
			isa = XCBuildConfiguration;
			buildSettings = {
				ALWAYS_SEARCH_USER_PATHS = NO;
				CLANG_ANALYZER_NONNULL = YES;
				CLANG_CXX_LANGUAGE_STANDARD = "gnu++0x";
				CLANG_CXX_LIBRARY = "libc++";
				CLANG_ENABLE_MODULES = YES;
				CLANG_ENABLE_OBJC_ARC = YES;
				CLANG_WARN_BOOL_CONVERSION = YES;
				CLANG_WARN_CONSTANT_CONVERSION = YES;
				CLANG_WARN_DIRECT_OBJC_ISA_USAGE = YES_ERROR;
				CLANG_WARN_DOCUMENTATION_COMMENTS = YES;
				CLANG_WARN_EMPTY_BODY = YES;
				CLANG_WARN_ENUM_CONVERSION = YES;
				CLANG_WARN_INFINITE_RECURSION = YES;
				CLANG_WARN_INT_CONVERSION = YES;
				CLANG_WARN_OBJC_ROOT_CLASS = YES_ERROR;
				CLANG_WARN_SUSPICIOUS_MOVE = YES;
				CLANG_WARN_UNREACHABLE_CODE = YES;
				CLANG_WARN__DUPLICATE_METHOD_MATCH = YES;
				"CODE_SIGN_IDENTITY[sdk=iphoneos*]" = "iPhone Developer";
				COPY_PHASE_STRIP = NO;
				DEBUG_INFORMATION_FORMAT = "dwarf-with-dsym";
				ENABLE_NS_ASSERTIONS = NO;
				ENABLE_STRICT_OBJC_MSGSEND = YES;
				GCC_C_LANGUAGE_STANDARD = gnu99;
				GCC_NO_COMMON_BLOCKS = YES;
				GCC_WARN_64_TO_32_BIT_CONVERSION = YES;
				GCC_WARN_ABOUT_RETURN_TYPE = YES_ERROR;
				GCC_WARN_UNDECLARED_SELECTOR = YES;
				GCC_WARN_UNINITIALIZED_AUTOS = YES_AGGRESSIVE;
				GCC_WARN_UNUSED_FUNCTION = YES;
				GCC_WARN_UNUSED_VARIABLE = YES;
				IPHONEOS_DEPLOYMENT_TARGET = 10.2;
				MTL_ENABLE_DEBUG_INFO = NO;
				SDKROOT = iphoneos;
				TARGETED_DEVICE_FAMILY = "1,2";
				VALIDATE_PRODUCT = YES;
			};
			name = Release;
		};
		7F84A89B1E4EEBC5001E8468 /* Debug */ = {
			isa = XCBuildConfiguration;
			buildSettings = {
				ASSETCATALOG_COMPILER_APPICON_NAME = AppIcon;
				INFOPLIST_FILE = TBCategory/Info.plist;
				LD_RUNPATH_SEARCH_PATHS = "$(inherited) @executable_path/Frameworks";
				PRODUCT_BUNDLE_IDENTIFIER = ztb.TBCategory;
				PRODUCT_NAME = "$(TARGET_NAME)";
			};
			name = Debug;
		};
		7F84A89C1E4EEBC5001E8468 /* Release */ = {
			isa = XCBuildConfiguration;
			buildSettings = {
				ASSETCATALOG_COMPILER_APPICON_NAME = AppIcon;
				INFOPLIST_FILE = TBCategory/Info.plist;
				LD_RUNPATH_SEARCH_PATHS = "$(inherited) @executable_path/Frameworks";
				PRODUCT_BUNDLE_IDENTIFIER = ztb.TBCategory;
				PRODUCT_NAME = "$(TARGET_NAME)";
			};
			name = Release;
		};
		7F84A89E1E4EEBC5001E8468 /* Debug */ = {
			isa = XCBuildConfiguration;
			buildSettings = {
				BUNDLE_LOADER = "$(TEST_HOST)";
				INFOPLIST_FILE = TBCategoryTests/Info.plist;
				LD_RUNPATH_SEARCH_PATHS = "$(inherited) @executable_path/Frameworks @loader_path/Frameworks";
				PRODUCT_BUNDLE_IDENTIFIER = ztb.TBCategoryTests;
				PRODUCT_NAME = "$(TARGET_NAME)";
				TEST_HOST = "$(BUILT_PRODUCTS_DIR)/TBCategory.app/TBCategory";
			};
			name = Debug;
		};
		7F84A89F1E4EEBC5001E8468 /* Release */ = {
			isa = XCBuildConfiguration;
			buildSettings = {
				BUNDLE_LOADER = "$(TEST_HOST)";
				INFOPLIST_FILE = TBCategoryTests/Info.plist;
				LD_RUNPATH_SEARCH_PATHS = "$(inherited) @executable_path/Frameworks @loader_path/Frameworks";
				PRODUCT_BUNDLE_IDENTIFIER = ztb.TBCategoryTests;
				PRODUCT_NAME = "$(TARGET_NAME)";
				TEST_HOST = "$(BUILT_PRODUCTS_DIR)/TBCategory.app/TBCategory";
			};
			name = Release;
		};
		7F84A8A11E4EEBC5001E8468 /* Debug */ = {
			isa = XCBuildConfiguration;
			buildSettings = {
				INFOPLIST_FILE = TBCategoryUITests/Info.plist;
				LD_RUNPATH_SEARCH_PATHS = "$(inherited) @executable_path/Frameworks @loader_path/Frameworks";
				PRODUCT_BUNDLE_IDENTIFIER = ztb.TBCategoryUITests;
				PRODUCT_NAME = "$(TARGET_NAME)";
				TEST_TARGET_NAME = TBCategory;
			};
			name = Debug;
		};
		7F84A8A21E4EEBC5001E8468 /* Release */ = {
			isa = XCBuildConfiguration;
			buildSettings = {
				INFOPLIST_FILE = TBCategoryUITests/Info.plist;
				LD_RUNPATH_SEARCH_PATHS = "$(inherited) @executable_path/Frameworks @loader_path/Frameworks";
				PRODUCT_BUNDLE_IDENTIFIER = ztb.TBCategoryUITests;
				PRODUCT_NAME = "$(TARGET_NAME)";
				TEST_TARGET_NAME = TBCategory;
			};
			name = Release;
		};
/* End XCBuildConfiguration section */

/* Begin XCConfigurationList section */
		7F84A8681E4EEBC4001E8468 /* Build configuration list for PBXProject "TBCategory" */ = {
			isa = XCConfigurationList;
			buildConfigurations = (
				7F84A8981E4EEBC5001E8468 /* Debug */,
				7F84A8991E4EEBC5001E8468 /* Release */,
			);
			defaultConfigurationIsVisible = 0;
			defaultConfigurationName = Release;
		};
		7F84A89A1E4EEBC5001E8468 /* Build configuration list for PBXNativeTarget "TBCategory" */ = {
			isa = XCConfigurationList;
			buildConfigurations = (
				7F84A89B1E4EEBC5001E8468 /* Debug */,
				7F84A89C1E4EEBC5001E8468 /* Release */,
			);
			defaultConfigurationIsVisible = 0;
			defaultConfigurationName = Release;
		};
		7F84A89D1E4EEBC5001E8468 /* Build configuration list for PBXNativeTarget "TBCategoryTests" */ = {
			isa = XCConfigurationList;
			buildConfigurations = (
				7F84A89E1E4EEBC5001E8468 /* Debug */,
				7F84A89F1E4EEBC5001E8468 /* Release */,
			);
			defaultConfigurationIsVisible = 0;
			defaultConfigurationName = Release;
		};
		7F84A8A01E4EEBC5001E8468 /* Build configuration list for PBXNativeTarget "TBCategoryUITests" */ = {
			isa = XCConfigurationList;
			buildConfigurations = (
				7F84A8A11E4EEBC5001E8468 /* Debug */,
				7F84A8A21E4EEBC5001E8468 /* Release */,
			);
			defaultConfigurationIsVisible = 0;
			defaultConfigurationName = Release;
		};
/* End XCConfigurationList section */
	};
	rootObject = 7F84A8651E4EEBC4001E8468 /* Project object */;
}
